
Microsoft Visual Studio Solution File, Format Version 12.00
# Visual Studio Version 17
VisualStudioVersion = 17.13.35931.197
MinimumVisualStudioVersion = 10.0.40219.1
Project("{FAE04EC0-301F-11D3-BF4B-00C04F79EFBC}") = "ConsoleApplication", "ConsoleApplication\ConsoleApplication.csproj", "{939F4660-889F-4AD8-AC40-34DC2E67F02A}"
EndProject
Project("{FAE04EC0-301F-11D3-BF4B-00C04F79EFBC}") = "ParallelProgramming", "ParallelProgramming\ParallelProgramming.csproj", "{EBCD4B12-1368-4DCF-B50E-096C51924D07}"
EndProject
Project("{FAE04EC0-301F-11D3-BF4B-00C04F79EFBC}") = "DesignPatterns", "DesignPatterns\DesignPatterns.csproj", "{87BC8668-FDFC-472B-99F1-1BED796562B3}"
EndProject
Global
	GlobalSection(SolutionConfigurationPlatforms) = preSolution
		Debug|Any CPU = Debug|Any CPU
		Release|Any CPU = Release|Any CPU
	EndGlobalSection
	GlobalSection(ProjectConfigurationPlatforms) = postSolution
		{939F4660-889F-4AD8-AC40-34DC2E67F02A}.Debug|Any CPU.ActiveCfg = Debug|Any CPU
		{939F4660-889F-4AD8-AC40-34DC2E67F02A}.Debug|Any CPU.Build.0 = Debug|Any CPU
		{939F4660-889F-4AD8-AC40-34DC2E67F02A}.Release|Any CPU.ActiveCfg = Release|Any CPU
		{939F4660-889F-4AD8-AC40-34DC2E67F02A}.Release|Any CPU.Build.0 = Release|Any CPU
		{EBCD4B12-1368-4DCF-B50E-096C51924D07}.Debug|Any CPU.ActiveCfg = Debug|Any CPU
		{EBCD4B12-1368-4DCF-B50E-096C51924D07}.Debug|Any CPU.Build.0 = Debug|Any CPU
		{EBCD4B12-1368-4DCF-B50E-096C51924D07}.Release|Any CPU.ActiveCfg = Release|Any CPU
		{EBCD4B12-1368-4DCF-B50E-096C51924D07}.Release|Any CPU.Build.0 = Release|Any CPU
		{87BC8668-FDFC-472B-99F1-1BED796562B3}.Debug|Any CPU.ActiveCfg = Debug|Any CPU
		{87BC8668-FDFC-472B-99F1-1BED796562B3}.Debug|Any CPU.Build.0 = Debug|Any CPU
		{87BC8668-FDFC-472B-99F1-1BED796562B3}.Release|Any CPU.ActiveCfg = Release|Any CPU
		{87BC8668-FDFC-472B-99F1-1BED796562B3}.Release|Any CPU.Build.0 = Release|Any CPU
	EndGlobalSection
	GlobalSection(SolutionProperties) = preSolution
		HideSolutionNode = FALSE
	EndGlobalSection
	GlobalSection(ExtensibilityGlobals) = postSolution
		SolutionGuid = {1221C875-673F-4731-9A61-78E3D86B7D50}
	EndGlobalSection
EndGlobal
